
Microsoft Visual Studio Solution File, Format Version 12.00
# Visual Studio 15
VisualStudioVersion = 15.0.26124.0
MinimumVisualStudioVersion = 15.0.26124.0
Project("{FAE04EC0-301F-11D3-BF4B-00C04F79EFBC}") = "Domain", "Domain\Domain.csproj", "{F36F7A0F-C3E4-44AD-AD84-9FBDF1FFE71D}"
EndProject
Project("{FAE04EC0-301F-11D3-BF4B-00C04F79EFBC}") = "Application", "Application\Application.csproj", "{9D486491-71C8-4981-B2B8-E02D349F7D2E}"
EndProject
Project("{FAE04EC0-301F-11D3-BF4B-00C04F79EFBC}") = "Persistence", "Persistence\Persistence.csproj", "{4B632362-FD4E-4ABA-A0F6-9C22F6C026E5}"
EndProject
Project("{FAE04EC0-301F-11D3-BF4B-00C04F79EFBC}") = "API", "API\API.csproj", "{16FC204B-5558-4138-87B6-5B98D93231BB}"
EndProject
Global
	GlobalSection(SolutionConfigurationPlatforms) = preSolution
		Debug|Any CPU = Debug|Any CPU
		Debug|x64 = Debug|x64
		Debug|x86 = Debug|x86
		Release|Any CPU = Release|Any CPU
		Release|x64 = Release|x64
		Release|x86 = Release|x86
	EndGlobalSection
	GlobalSection(SolutionProperties) = preSolution
		HideSolutionNode = FALSE
	EndGlobalSection
	GlobalSection(ProjectConfigurationPlatforms) = postSolution
		{F36F7A0F-C3E4-44AD-AD84-9FBDF1FFE71D}.Debug|Any CPU.ActiveCfg = Debug|Any CPU
		{F36F7A0F-C3E4-44AD-AD84-9FBDF1FFE71D}.Debug|Any CPU.Build.0 = Debug|Any CPU
		{F36F7A0F-C3E4-44AD-AD84-9FBDF1FFE71D}.Debug|x64.ActiveCfg = Debug|Any CPU
		{F36F7A0F-C3E4-44AD-AD84-9FBDF1FFE71D}.Debug|x64.Build.0 = Debug|Any CPU
		{F36F7A0F-C3E4-44AD-AD84-9FBDF1FFE71D}.Debug|x86.ActiveCfg = Debug|Any CPU
		{F36F7A0F-C3E4-44AD-AD84-9FBDF1FFE71D}.Debug|x86.Build.0 = Debug|Any CPU
		{F36F7A0F-C3E4-44AD-AD84-9FBDF1FFE71D}.Release|Any CPU.ActiveCfg = Release|Any CPU
		{F36F7A0F-C3E4-44AD-AD84-9FBDF1FFE71D}.Release|Any CPU.Build.0 = Release|Any CPU
		{F36F7A0F-C3E4-44AD-AD84-9FBDF1FFE71D}.Release|x64.ActiveCfg = Release|Any CPU
		{F36F7A0F-C3E4-44AD-AD84-9FBDF1FFE71D}.Release|x64.Build.0 = Release|Any CPU
		{F36F7A0F-C3E4-44AD-AD84-9FBDF1FFE71D}.Release|x86.ActiveCfg = Release|Any CPU
		{F36F7A0F-C3E4-44AD-AD84-9FBDF1FFE71D}.Release|x86.Build.0 = Release|Any CPU
		{9D486491-71C8-4981-B2B8-E02D349F7D2E}.Debug|Any CPU.ActiveCfg = Debug|Any CPU
		{9D486491-71C8-4981-B2B8-E02D349F7D2E}.Debug|Any CPU.Build.0 = Debug|Any CPU
		{9D486491-71C8-4981-B2B8-E02D349F7D2E}.Debug|x64.ActiveCfg = Debug|Any CPU
		{9D486491-71C8-4981-B2B8-E02D349F7D2E}.Debug|x64.Build.0 = Debug|Any CPU
		{9D486491-71C8-4981-B2B8-E02D349F7D2E}.Debug|x86.ActiveCfg = Debug|Any CPU
		{9D486491-71C8-4981-B2B8-E02D349F7D2E}.Debug|x86.Build.0 = Debug|Any CPU
		{9D486491-71C8-4981-B2B8-E02D349F7D2E}.Release|Any CPU.ActiveCfg = Release|Any CPU
		{9D486491-71C8-4981-B2B8-E02D349F7D2E}.Release|Any CPU.Build.0 = Release|Any CPU
		{9D486491-71C8-4981-B2B8-E02D349F7D2E}.Release|x64.ActiveCfg = Release|Any CPU
		{9D486491-71C8-4981-B2B8-E02D349F7D2E}.Release|x64.Build.0 = Release|Any CPU
		{9D486491-71C8-4981-B2B8-E02D349F7D2E}.Release|x86.ActiveCfg = Release|Any CPU
		{9D486491-71C8-4981-B2B8-E02D349F7D2E}.Release|x86.Build.0 = Release|Any CPU
		{4B632362-FD4E-4ABA-A0F6-9C22F6C026E5}.Debug|Any CPU.ActiveCfg = Debug|Any CPU
		{4B632362-FD4E-4ABA-A0F6-9C22F6C026E5}.Debug|Any CPU.Build.0 = Debug|Any CPU
		{4B632362-FD4E-4ABA-A0F6-9C22F6C026E5}.Debug|x64.ActiveCfg = Debug|Any CPU
		{4B632362-FD4E-4ABA-A0F6-9C22F6C026E5}.Debug|x64.Build.0 = Debug|Any CPU
		{4B632362-FD4E-4ABA-A0F6-9C22F6C026E5}.Debug|x86.ActiveCfg = Debug|Any CPU
		{4B632362-FD4E-4ABA-A0F6-9C22F6C026E5}.Debug|x86.Build.0 = Debug|Any CPU
		{4B632362-FD4E-4ABA-A0F6-9C22F6C026E5}.Release|Any CPU.ActiveCfg = Release|Any CPU
		{4B632362-FD4E-4ABA-A0F6-9C22F6C026E5}.Release|Any CPU.Build.0 = Release|Any CPU
		{4B632362-FD4E-4ABA-A0F6-9C22F6C026E5}.Release|x64.ActiveCfg = Release|Any CPU
		{4B632362-FD4E-4ABA-A0F6-9C22F6C026E5}.Release|x64.Build.0 = Release|Any CPU
		{4B632362-FD4E-4ABA-A0F6-9C22F6C026E5}.Release|x86.ActiveCfg = Release|Any CPU
		{4B632362-FD4E-4ABA-A0F6-9C22F6C026E5}.Release|x86.Build.0 = Release|Any CPU
		{16FC204B-5558-4138-87B6-5B98D93231BB}.Debug|Any CPU.ActiveCfg = Debug|Any CPU
		{16FC204B-5558-4138-87B6-5B98D93231BB}.Debug|Any CPU.Build.0 = Debug|Any CPU
		{16FC204B-5558-4138-87B6-5B98D93231BB}.Debug|x64.ActiveCfg = Debug|Any CPU
		{16FC204B-5558-4138-87B6-5B98D93231BB}.Debug|x64.Build.0 = Debug|Any CPU
		{16FC204B-5558-4138-87B6-5B98D93231BB}.Debug|x86.ActiveCfg = Debug|Any CPU
		{16FC204B-5558-4138-87B6-5B98D93231BB}.Debug|x86.Build.0 = Debug|Any CPU
		{16FC204B-5558-4138-87B6-5B98D93231BB}.Release|Any CPU.ActiveCfg = Release|Any CPU
		{16FC204B-5558-4138-87B6-5B98D93231BB}.Release|Any CPU.Build.0 = Release|Any CPU
		{16FC204B-5558-4138-87B6-5B98D93231BB}.Release|x64.ActiveCfg = Release|Any CPU
		{16FC204B-5558-4138-87B6-5B98D93231BB}.Release|x64.Build.0 = Release|Any CPU
		{16FC204B-5558-4138-87B6-5B98D93231BB}.Release|x86.ActiveCfg = Release|Any CPU
		{16FC204B-5558-4138-87B6-5B98D93231BB}.Release|x86.Build.0 = Release|Any CPU
	EndGlobalSection
EndGlobal
